// !$*UTF8*$!
{
	archiveVersion = 1;
	classes = {
	};
	objectVersion = 56;
	objects = {

/* Begin PBXBuildFile section */
		121CBBE12C25060C0049D3CE /* RealityKitContent in Frameworks */ = {isa = PBXBuildFile; productRef = 121CBBE02C25060C0049D3CE /* RealityKitContent */; };
		121CBBE32C25060C0049D3CE /* TubeExampleApp.swift in Sources */ = {isa = PBXBuildFile; fileRef = 121CBBE22C25060C0049D3CE /* TubeExampleApp.swift */; };
		121CBBE52C25060C0049D3CE /* ContentView.swift in Sources */ = {isa = PBXBuildFile; fileRef = 121CBBE42C25060C0049D3CE /* ContentView.swift */; };
		121CBBE72C25060C0049D3CE /* ImmersiveView.swift in Sources */ = {isa = PBXBuildFile; fileRef = 121CBBE62C25060C0049D3CE /* ImmersiveView.swift */; };
		121CBBE92C25060D0049D3CE /* Assets.xcassets in Resources */ = {isa = PBXBuildFile; fileRef = 121CBBE82C25060D0049D3CE /* Assets.xcassets */; };
		121CBBEC2C25060D0049D3CE /* Preview Assets.xcassets in Resources */ = {isa = PBXBuildFile; fileRef = 121CBBEB2C25060D0049D3CE /* Preview Assets.xcassets */; };
		1241054D2C28FA59005DB57F /* TubeEntity.swift in Sources */ = {isa = PBXBuildFile; fileRef = 1241054C2C28FA54005DB57F /* TubeEntity.swift */; };
/* End PBXBuildFile section */

/* Begin PBXFileReference section */
		121CBBDB2C25060C0049D3CE /* TubeExample.app */ = {isa = PBXFileReference; explicitFileType = wrapper.application; includeInIndex = 0; path = TubeExample.app; sourceTree = BUILT_PRODUCTS_DIR; };
		121CBBDF2C25060C0049D3CE /* RealityKitContent */ = {isa = PBXFileReference; lastKnownFileType = wrapper; path = RealityKitContent; sourceTree = "<group>"; };
		121CBBE22C25060C0049D3CE /* TubeExampleApp.swift */ = {isa = PBXFileReference; lastKnownFileType = sourcecode.swift; path = TubeExampleApp.swift; sourceTree = "<group>"; };
		121CBBE42C25060C0049D3CE /* ContentView.swift */ = {isa = PBXFileReference; lastKnownFileType = sourcecode.swift; path = ContentView.swift; sourceTree = "<group>"; };
		121CBBE62C25060C0049D3CE /* ImmersiveView.swift */ = {isa = PBXFileReference; lastKnownFileType = sourcecode.swift; path = ImmersiveView.swift; sourceTree = "<group>"; };
		121CBBE82C25060D0049D3CE /* Assets.xcassets */ = {isa = PBXFileReference; lastKnownFileType = folder.assetcatalog; path = Assets.xcassets; sourceTree = "<group>"; };
		121CBBEB2C25060D0049D3CE /* Preview Assets.xcassets */ = {isa = PBXFileReference; lastKnownFileType = folder.assetcatalog; path = "Preview Assets.xcassets"; sourceTree = "<group>"; };
		121CBBED2C25060D0049D3CE /* Info.plist */ = {isa = PBXFileReference; lastKnownFileType = text.plist.xml; path = Info.plist; sourceTree = "<group>"; };
		1241054C2C28FA54005DB57F /* TubeEntity.swift */ = {isa = PBXFileReference; lastKnownFileType = sourcecode.swift; path = TubeEntity.swift; sourceTree = "<group>"; };
/* End PBXFileReference section */

/* Begin PBXFrameworksBuildPhase section */
		121CBBD82C25060C0049D3CE /* Frameworks */ = {
			isa = PBXFrameworksBuildPhase;
			buildActionMask = 2147483647;
			files = (
				121CBBE12C25060C0049D3CE /* RealityKitContent in Frameworks */,
			);
			runOnlyForDeploymentPostprocessing = 0;
		};
/* End PBXFrameworksBuildPhase section */

/* Begin PBXGroup section */
		121CBBD22C25060C0049D3CE = {
			isa = PBXGroup;
			children = (
				121CBBDD2C25060C0049D3CE /* TubeExample */,
				121CBBDE2C25060C0049D3CE /* Packages */,
				121CBBDC2C25060C0049D3CE /* Products */,
			);
			sourceTree = "<group>";
		};
		121CBBDC2C25060C0049D3CE /* Products */ = {
			isa = PBXGroup;
			children = (
				121CBBDB2C25060C0049D3CE /* TubeExample.app */,
			);
			name = Products;
			sourceTree = "<group>";
		};
		121CBBDD2C25060C0049D3CE /* TubeExample */ = {
			isa = PBXGroup;
			children = (
				1241054C2C28FA54005DB57F /* TubeEntity.swift */,
				121CBBE22C25060C0049D3CE /* TubeExampleApp.swift */,
				121CBBE42C25060C0049D3CE /* ContentView.swift */,
				121CBBE62C25060C0049D3CE /* ImmersiveView.swift */,
				121CBBE82C25060D0049D3CE /* Assets.xcassets */,
				121CBBED2C25060D0049D3CE /* Info.plist */,
				121CBBEA2C25060D0049D3CE /* Preview Content */,
			);
			path = TubeExample;
			sourceTree = "<group>";
		};
		121CBBDE2C25060C0049D3CE /* Packages */ = {
			isa = PBXGroup;
			children = (
				121CBBDF2C25060C0049D3CE /* RealityKitContent */,
			);
			path = Packages;
			sourceTree = "<group>";
		};
		121CBBEA2C25060D0049D3CE /* Preview Content */ = {
			isa = PBXGroup;
			children = (
				121CBBEB2C25060D0049D3CE /* Preview Assets.xcassets */,
			);
			path = "Preview Content";
			sourceTree = "<group>";
		};
/* End PBXGroup section */

/* Begin PBXNativeTarget section */
		121CBBDA2C25060C0049D3CE /* TubeExample */ = {
			isa = PBXNativeTarget;
			buildConfigurationList = 121CBBF02C25060D0049D3CE /* Build configuration list for PBXNativeTarget "TubeExample" */;
			buildPhases = (
				121CBBD72C25060C0049D3CE /* Sources */,
				121CBBD82C25060C0049D3CE /* Frameworks */,
				121CBBD92C25060C0049D3CE /* Resources */,
			);
			buildRules = (
			);
			dependencies = (
			);
			name = TubeExample;
			packageProductDependencies = (
				121CBBE02C25060C0049D3CE /* RealityKitContent */,
			);
			productName = TubeExample;
			productReference = 121CBBDB2C25060C0049D3CE /* TubeExample.app */;
			productType = "com.apple.product-type.application";
		};
/* End PBXNativeTarget section */

/* Begin PBXProject section */
		121CBBD32C25060C0049D3CE /* Project object */ = {
			isa = PBXProject;
			attributes = {
				BuildIndependentTargetsInParallel = 1;
				LastSwiftUpdateCheck = 1540;
				LastUpgradeCheck = 1540;
				TargetAttributes = {
					121CBBDA2C25060C0049D3CE = {
						CreatedOnToolsVersion = 15.4;
					};
				};
			};
			buildConfigurationList = 121CBBD62C25060C0049D3CE /* Build configuration list for PBXProject "TubeExample" */;
			compatibilityVersion = "Xcode 14.0";
			developmentRegion = en;
			hasScannedForEncodings = 0;
			knownRegions = (
				en,
				Base,
			);
			mainGroup = 121CBBD22C25060C0049D3CE;
			productRefGroup = 121CBBDC2C25060C0049D3CE /* Products */;
			projectDirPath = "";
			projectRoot = "";
			targets = (
				121CBBDA2C25060C0049D3CE /* TubeExample */,
			);
		};
/* End PBXProject section */

/* Begin PBXResourcesBuildPhase section */
		121CBBD92C25060C0049D3CE /* Resources */ = {
			isa = PBXResourcesBuildPhase;
			buildActionMask = 2147483647;
			files = (
				121CBBEC2C25060D0049D3CE /* Preview Assets.xcassets in Resources */,
				121CBBE92C25060D0049D3CE /* Assets.xcassets in Resources */,
			);
			runOnlyForDeploymentPostprocessing = 0;
		};
/* End PBXResourcesBuildPhase section */

/* Begin PBXSourcesBuildPhase section */
		121CBBD72C25060C0049D3CE /* Sources */ = {
			isa = PBXSourcesBuildPhase;
			buildActionMask = 2147483647;
			files = (
				121CBBE52C25060C0049D3CE /* ContentView.swift in Sources */,
				121CBBE32C25060C0049D3CE /* TubeExampleApp.swift in Sources */,
				121CBBE72C25060C0049D3CE /* ImmersiveView.swift in Sources */,
				1241054D2C28FA59005DB57F /* TubeEntity.swift in Sources */,
			);
			runOnlyForDeploymentPostprocessing = 0;
		};
/* End PBXSourcesBuildPhase section */

/* Begin XCBuildConfiguration section */
		121CBBEE2C25060D0049D3CE /* Debug */ = {
			isa = XCBuildConfiguration;
			buildSettings = {
				ALWAYS_SEARCH_USER_PATHS = NO;
				ASSETCATALOG_COMPILER_GENERATE_SWIFT_ASSET_SYMBOL_EXTENSIONS = YES;
				CLANG_ANALYZER_NONNULL = YES;
				CLANG_ANALYZER_NUMBER_OBJECT_CONVERSION = YES_AGGRESSIVE;
				CLANG_CXX_LANGUAGE_STANDARD = "gnu++20";
				CLANG_ENABLE_MODULES = YES;
				CLANG_ENABLE_OBJC_ARC = YES;
				CLANG_ENABLE_OBJC_WEAK = YES;
				CLANG_WARN_BLOCK_CAPTURE_AUTORELEASING = YES;
				CLANG_WARN_BOOL_CONVERSION = YES;
				CLANG_WARN_COMMA = YES;
				CLANG_WARN_CONSTANT_CONVERSION = YES;
				CLANG_WARN_DEPRECATED_OBJC_IMPLEMENTATIONS = YES;
				CLANG_WARN_DIRECT_OBJC_ISA_USAGE = YES_ERROR;
				CLANG_WARN_DOCUMENTATION_COMMENTS = YES;
				CLANG_WARN_EMPTY_BODY = YES;
				CLANG_WARN_ENUM_CONVERSION = YES;
				CLANG_WARN_INFINITE_RECURSION = YES;
				CLANG_WARN_INT_CONVERSION = YES;
				CLANG_WARN_NON_LITERAL_NULL_CONVERSION = YES;
				CLANG_WARN_OBJC_IMPLICIT_RETAIN_SELF = YES;
				CLANG_WARN_OBJC_LITERAL_CONVERSION = YES;
				CLANG_WARN_OBJC_ROOT_CLASS = YES_ERROR;
				CLANG_WARN_QUOTED_INCLUDE_IN_FRAMEWORK_HEADER = YES;
				CLANG_WARN_RANGE_LOOP_ANALYSIS = YES;
				CLANG_WARN_STRICT_PROTOTYPES = YES;
				CLANG_WARN_SUSPICIOUS_MOVE = YES;
				CLANG_WARN_UNGUARDED_AVAILABILITY = YES_AGGRESSIVE;
				CLANG_WARN_UNREACHABLE_CODE = YES;
				CLANG_WARN__DUPLICATE_METHOD_MATCH = YES;
				COPY_PHASE_STRIP = NO;
				DEBUG_INFORMATION_FORMAT = dwarf;
				ENABLE_STRICT_OBJC_MSGSEND = YES;
				ENABLE_TESTABILITY = YES;
				ENABLE_USER_SCRIPT_SANDBOXING = YES;
				GCC_C_LANGUAGE_STANDARD = gnu17;
				GCC_DYNAMIC_NO_PIC = NO;
				GCC_NO_COMMON_BLOCKS = YES;
				GCC_OPTIMIZATION_LEVEL = 0;
				GCC_PREPROCESSOR_DEFINITIONS = (
					"DEBUG=1",
					"$(inherited)",
				);
				GCC_WARN_64_TO_32_BIT_CONVERSION = YES;
				GCC_WARN_ABOUT_RETURN_TYPE = YES_ERROR;
				GCC_WARN_UNDECLARED_SELECTOR = YES;
				GCC_WARN_UNINITIALIZED_AUTOS = YES_AGGRESSIVE;
				GCC_WARN_UNUSED_FUNCTION = YES;
				GCC_WARN_UNUSED_VARIABLE = YES;
				LOCALIZATION_PREFERS_STRING_CATALOGS = YES;
				MTL_ENABLE_DEBUG_INFO = INCLUDE_SOURCE;
				MTL_FAST_MATH = YES;
				ONLY_ACTIVE_ARCH = YES;
				SDKROOT = xros;
				SWIFT_ACTIVE_COMPILATION_CONDITIONS = "DEBUG $(inherited)";
				SWIFT_OPTIMIZATION_LEVEL = "-Onone";
				XROS_DEPLOYMENT_TARGET = 1.2;
			};
			name = Debug;
		};
		121CBBEF2C25060D0049D3CE /* Release */ = {
			isa = XCBuildConfiguration;
			buildSettings = {
				ALWAYS_SEARCH_USER_PATHS = NO;
				ASSETCATALOG_COMPILER_GENERATE_SWIFT_ASSET_SYMBOL_EXTENSIONS = YES;
				CLANG_ANALYZER_NONNULL = YES;
				CLANG_ANALYZER_NUMBER_OBJECT_CONVERSION = YES_AGGRESSIVE;
				CLANG_CXX_LANGUAGE_STANDARD = "gnu++20";
				CLANG_ENABLE_MODULES = YES;
				CLANG_ENABLE_OBJC_ARC = YES;
				CLANG_ENABLE_OBJC_WEAK = YES;
				CLANG_WARN_BLOCK_CAPTURE_AUTORELEASING = YES;
				CLANG_WARN_BOOL_CONVERSION = YES;
				CLANG_WARN_COMMA = YES;
				CLANG_WARN_CONSTANT_CONVERSION = YES;
				CLANG_WARN_DEPRECATED_OBJC_IMPLEMENTATIONS = YES;
				CLANG_WARN_DIRECT_OBJC_ISA_USAGE = YES_ERROR;
				CLANG_WARN_DOCUMENTATION_COMMENTS = YES;
				CLANG_WARN_EMPTY_BODY = YES;
				CLANG_WARN_ENUM_CONVERSION = YES;
				CLANG_WARN_INFINITE_RECURSION = YES;
				CLANG_WARN_INT_CONVERSION = YES;
				CLANG_WARN_NON_LITERAL_NULL_CONVERSION = YES;
				CLANG_WARN_OBJC_IMPLICIT_RETAIN_SELF = YES;
				CLANG_WARN_OBJC_LITERAL_CONVERSION = YES;
				CLANG_WARN_OBJC_ROOT_CLASS = YES_ERROR;
				CLANG_WARN_QUOTED_INCLUDE_IN_FRAMEWORK_HEADER = YES;
				CLANG_WARN_RANGE_LOOP_ANALYSIS = YES;
				CLANG_WARN_STRICT_PROTOTYPES = YES;
				CLANG_WARN_SUSPICIOUS_MOVE = YES;
				CLANG_WARN_UNGUARDED_AVAILABILITY = YES_AGGRESSIVE;
				CLANG_WARN_UNREACHABLE_CODE = YES;
				CLANG_WARN__DUPLICATE_METHOD_MATCH = YES;
				COPY_PHASE_STRIP = NO;
				DEBUG_INFORMATION_FORMAT = "dwarf-with-dsym";
				ENABLE_NS_ASSERTIONS = NO;
				ENABLE_STRICT_OBJC_MSGSEND = YES;
				ENABLE_USER_SCRIPT_SANDBOXING = YES;
				GCC_C_LANGUAGE_STANDARD = gnu17;
				GCC_NO_COMMON_BLOCKS = YES;
				GCC_WARN_64_TO_32_BIT_CONVERSION = YES;
				GCC_WARN_ABOUT_RETURN_TYPE = YES_ERROR;
				GCC_WARN_UNDECLARED_SELECTOR = YES;
				GCC_WARN_UNINITIALIZED_AUTOS = YES_AGGRESSIVE;
				GCC_WARN_UNUSED_FUNCTION = YES;
				GCC_WARN_UNUSED_VARIABLE = YES;
				LOCALIZATION_PREFERS_STRING_CATALOGS = YES;
				MTL_ENABLE_DEBUG_INFO = NO;
				MTL_FAST_MATH = YES;
				SDKROOT = xros;
				SWIFT_COMPILATION_MODE = wholemodule;
				VALIDATE_PRODUCT = YES;
				XROS_DEPLOYMENT_TARGET = 1.2;
			};
			name = Release;
		};
		121CBBF12C25060D0049D3CE /* Debug */ = {
			isa = XCBuildConfiguration;
			buildSettings = {
				ASSETCATALOG_COMPILER_APPICON_NAME = AppIcon;
				ASSETCATALOG_COMPILER_GLOBAL_ACCENT_COLOR_NAME = AccentColor;
				CODE_SIGN_STYLE = Automatic;
				CURRENT_PROJECT_VERSION = 1;
				DEVELOPMENT_ASSET_PATHS = "\"TubeExample/Preview Content\"";
				DEVELOPMENT_TEAM = D325V338T5;
				ENABLE_PREVIEWS = YES;
				GENERATE_INFOPLIST_FILE = YES;
				INFOPLIST_FILE = "$(TARGET_NAME)/Info.plist";
				LD_RUNPATH_SEARCH_PATHS = (
					"$(inherited)",
					"@executable_path/Frameworks",
				);
				MARKETING_VERSION = 1.0;
				PRODUCT_BUNDLE_IDENTIFIER = com.andresalla.TubeExample;
				PRODUCT_NAME = "$(TARGET_NAME)";
				SUPPORTED_PLATFORMS = "xros xrsimulator";
				SWIFT_EMIT_LOC_STRINGS = YES;
				SWIFT_VERSION = 5.0;
				TARGETED_DEVICE_FAMILY = "1,2,7";
				XROS_DEPLOYMENT_TARGET = 2.0;
			};
			name = Debug;
		};
		121CBBF22C25060D0049D3CE /* Release */ = {
			isa = XCBuildConfiguration;
			buildSettings = {
				ASSETCATALOG_COMPILER_APPICON_NAME = AppIcon;
				ASSETCATALOG_COMPILER_GLOBAL_ACCENT_COLOR_NAME = AccentColor;
				CODE_SIGN_STYLE = Automatic;
				CURRENT_PROJECT_VERSION = 1;
				DEVELOPMENT_ASSET_PATHS = "\"TubeExample/Preview Content\"";
				DEVELOPMENT_TEAM = D325V338T5;
				ENABLE_PREVIEWS = YES;
				GENERATE_INFOPLIST_FILE = YES;
				INFOPLIST_FILE = "$(TARGET_NAME)/Info.plist";
				LD_RUNPATH_SEARCH_PATHS = (
					"$(inherited)",
					"@executable_path/Frameworks",
				);
				MARKETING_VERSION = 1.0;
				PRODUCT_BUNDLE_IDENTIFIER = com.andresalla.TubeExample;
				PRODUCT_NAME = "$(TARGET_NAME)";
				SUPPORTED_PLATFORMS = "xros xrsimulator";
				SWIFT_EMIT_LOC_STRINGS = YES;
				SWIFT_VERSION = 5.0;
				TARGETED_DEVICE_FAMILY = "1,2,7";
				XROS_DEPLOYMENT_TARGET = 2.0;
			};
			name = Release;
		};
/* End XCBuildConfiguration section */

/* Begin XCConfigurationList section */
		121CBBD62C25060C0049D3CE /* Build configuration list for PBXProject "TubeExample" */ = {
			isa = XCConfigurationList;
			buildConfigurations = (
				121CBBEE2C25060D0049D3CE /* Debug */,
				121CBBEF2C25060D0049D3CE /* Release */,
			);
			defaultConfigurationIsVisible = 0;
			defaultConfigurationName = Release;
		};
		121CBBF02C25060D0049D3CE /* Build configuration list for PBXNativeTarget "TubeExample" */ = {
			isa = XCConfigurationList;
			buildConfigurations = (
				121CBBF12C25060D0049D3CE /* Debug */,
				121CBBF22C25060D0049D3CE /* Release */,
			);
			defaultConfigurationIsVisible = 0;
			defaultConfigurationName = Release;
		};
/* End XCConfigurationList section */

/* Begin XCSwiftPackageProductDependency section */
		121CBBE02C25060C0049D3CE /* RealityKitContent */ = {
			isa = XCSwiftPackageProductDependency;
			productName = RealityKitContent;
		};
/* End XCSwiftPackageProductDependency section */
	};
	rootObject = 121CBBD32C25060C0049D3CE /* Project object */;
}
